
Microsoft Visual Studio Solution File, Format Version 12.00
# Visual Studio 15
VisualStudioVersion = 15.0.27703.2026
MinimumVisualStudioVersion = 10.0.40219.1
Project("{FAE04EC0-301F-11D3-BF4B-00C04F79EFBC}") = "Bank_Account", "Bank_Account\Bank_Account.csproj", "{870A8BA1-0286-4C3D-9D7C-515667DA7F41}"
EndProject
Project("{FAE04EC0-301F-11D3-BF4B-00C04F79EFBC}") = "Bank_Account_Test", "Bank_Account_Test\Bank_Account_Test.csproj", "{291C3C0D-333E-4049-A9F0-B4C55B00A122}"
EndProject
Global
	GlobalSection(SolutionConfigurationPlatforms) = preSolution
		Debug|Any CPU = Debug|Any CPU
		Release|Any CPU = Release|Any CPU
	EndGlobalSection
	GlobalSection(ProjectConfigurationPlatforms) = postSolution
		{870A8BA1-0286-4C3D-9D7C-515667DA7F41}.Debug|Any CPU.ActiveCfg = Debug|Any CPU
		{870A8BA1-0286-4C3D-9D7C-515667DA7F41}.Debug|Any CPU.Build.0 = Debug|Any CPU
		{870A8BA1-0286-4C3D-9D7C-515667DA7F41}.Release|Any CPU.ActiveCfg = Release|Any CPU
		{870A8BA1-0286-4C3D-9D7C-515667DA7F41}.Release|Any CPU.Build.0 = Release|Any CPU
		{291C3C0D-333E-4049-A9F0-B4C55B00A122}.Debug|Any CPU.ActiveCfg = Debug|Any CPU
		{291C3C0D-333E-4049-A9F0-B4C55B00A122}.Debug|Any CPU.Build.0 = Debug|Any CPU
		{291C3C0D-333E-4049-A9F0-B4C55B00A122}.Release|Any CPU.ActiveCfg = Release|Any CPU
		{291C3C0D-333E-4049-A9F0-B4C55B00A122}.Release|Any CPU.Build.0 = Release|Any CPU
	EndGlobalSection
	GlobalSection(SolutionProperties) = preSolution
		HideSolutionNode = FALSE
	EndGlobalSection
	GlobalSection(ExtensibilityGlobals) = postSolution
		SolutionGuid = {BDB941F3-CB1B-45B3-9D2B-2350936E8F59}
	EndGlobalSection
EndGlobal
